// !$*UTF8*$!
{
	archiveVersion = 1;
	classes = {
	};
	objectVersion = 46;
	objects = {

/* Begin PBXBuildFile section */
		BB45B43D19590C7F0047198A /* Foundation.framework in Frameworks */ = {isa = PBXBuildFile; fileRef = BB45B43C19590C7F0047198A /* Foundation.framework */; };
		BB45B43F19590C7F0047198A /* CoreGraphics.framework in Frameworks */ = {isa = PBXBuildFile; fileRef = BB45B43E19590C7F0047198A /* CoreGraphics.framework */; };
		BB45B44119590C7F0047198A /* UIKit.framework in Frameworks */ = {isa = PBXBuildFile; fileRef = BB45B44019590C7F0047198A /* UIKit.framework */; };
		BB45B44719590C7F0047198A /* InfoPlist.strings in Resources */ = {isa = PBXBuildFile; fileRef = BB45B44519590C7F0047198A /* InfoPlist.strings */; };
		BB45B44919590C7F0047198A /* main.m in Sources */ = {isa = PBXBuildFile; fileRef = BB45B44819590C7F0047198A /* main.m */; };
		BB45B44D19590C7F0047198A /* AppDelegate.m in Sources */ = {isa = PBXBuildFile; fileRef = BB45B44C19590C7F0047198A /* AppDelegate.m */; };
		BB45B45019590C7F0047198A /* Main.storyboard in Resources */ = {isa = PBXBuildFile; fileRef = BB45B44E19590C7F0047198A /* Main.storyboard */; };
		BB45B45319590C7F0047198A /* ViewController.m in Sources */ = {isa = PBXBuildFile; fileRef = BB45B45219590C7F0047198A /* ViewController.m */; };
		BB45B45519590C7F0047198A /* Images.xcassets in Resources */ = {isa = PBXBuildFile; fileRef = BB45B45419590C7F0047198A /* Images.xcassets */; };
		BB45B45C19590C7F0047198A /* XCTest.framework in Frameworks */ = {isa = PBXBuildFile; fileRef = BB45B45B19590C7F0047198A /* XCTest.framework */; };
		BB45B45D19590C7F0047198A /* Foundation.framework in Frameworks */ = {isa = PBXBuildFile; fileRef = BB45B43C19590C7F0047198A /* Foundation.framework */; };
		BB45B45E19590C7F0047198A /* UIKit.framework in Frameworks */ = {isa = PBXBuildFile; fileRef = BB45B44019590C7F0047198A /* UIKit.framework */; };
		BB45B46619590C7F0047198A /* InfoPlist.strings in Resources */ = {isa = PBXBuildFile; fileRef = BB45B46419590C7F0047198A /* InfoPlist.strings */; };
		BB45B46819590C7F0047198A /* testAFNetworkingTests.m in Sources */ = {isa = PBXBuildFile; fileRef = BB45B46719590C7F0047198A /* testAFNetworkingTests.m */; };
		BB45B4A619591BB70047198A /* AFHTTPRequestOperation.m in Sources */ = {isa = PBXBuildFile; fileRef = BB45B49419591BB70047198A /* AFHTTPRequestOperation.m */; };
		BB45B4A719591BB70047198A /* AFHTTPRequestOperationManager.m in Sources */ = {isa = PBXBuildFile; fileRef = BB45B49619591BB70047198A /* AFHTTPRequestOperationManager.m */; };
		BB45B4A819591BB70047198A /* AFHTTPSessionManager.m in Sources */ = {isa = PBXBuildFile; fileRef = BB45B49819591BB70047198A /* AFHTTPSessionManager.m */; };
		BB45B4A919591BB70047198A /* AFNetworkReachabilityManager.m in Sources */ = {isa = PBXBuildFile; fileRef = BB45B49B19591BB70047198A /* AFNetworkReachabilityManager.m */; };
		BB45B4AA19591BB70047198A /* AFSecurityPolicy.m in Sources */ = {isa = PBXBuildFile; fileRef = BB45B49D19591BB70047198A /* AFSecurityPolicy.m */; };
		BB45B4AB19591BB70047198A /* AFURLConnectionOperation.m in Sources */ = {isa = PBXBuildFile; fileRef = BB45B49F19591BB70047198A /* AFURLConnectionOperation.m */; };
		BB45B4AC19591BB70047198A /* AFURLRequestSerialization.m in Sources */ = {isa = PBXBuildFile; fileRef = BB45B4A119591BB70047198A /* AFURLRequestSerialization.m */; };
		BB45B4AD19591BB70047198A /* AFURLResponseSerialization.m in Sources */ = {isa = PBXBuildFile; fileRef = BB45B4A319591BB70047198A /* AFURLResponseSerialization.m */; };
		BB45B4AE19591BB70047198A /* AFURLSessionManager.m in Sources */ = {isa = PBXBuildFile; fileRef = BB45B4A519591BB70047198A /* AFURLSessionManager.m */; };
/* End PBXBuildFile section */

/* Begin PBXContainerItemProxy section */
		BB45B45F19590C7F0047198A /* PBXContainerItemProxy */ = {
			isa = PBXContainerItemProxy;
			containerPortal = BB45B43119590C7E0047198A /* Project object */;
			proxyType = 1;
			remoteGlobalIDString = BB45B43819590C7F0047198A;
			remoteInfo = testAFNetworking;
		};
/* End PBXContainerItemProxy section */

/* Begin PBXFileReference section */
		BB45B43919590C7F0047198A /* testAFNetworking.app */ = {isa = PBXFileReference; explicitFileType = wrapper.application; includeInIndex = 0; path = testAFNetworking.app; sourceTree = BUILT_PRODUCTS_DIR; };
		BB45B43C19590C7F0047198A /* Foundation.framework */ = {isa = PBXFileReference; lastKnownFileType = wrapper.framework; name = Foundation.framework; path = System/Library/Frameworks/Foundation.framework; sourceTree = SDKROOT; };
		BB45B43E19590C7F0047198A /* CoreGraphics.framework */ = {isa = PBXFileReference; lastKnownFileType = wrapper.framework; name = CoreGraphics.framework; path = System/Library/Frameworks/CoreGraphics.framework; sourceTree = SDKROOT; };
		BB45B44019590C7F0047198A /* UIKit.framework */ = {isa = PBXFileReference; lastKnownFileType = wrapper.framework; name = UIKit.framework; path = System/Library/Frameworks/UIKit.framework; sourceTree = SDKROOT; };
		BB45B44419590C7F0047198A /* testAFNetworking-Info.plist */ = {isa = PBXFileReference; lastKnownFileType = text.plist.xml; path = "testAFNetworking-Info.plist"; sourceTree = "<group>"; };
		BB45B44619590C7F0047198A /* en */ = {isa = PBXFileReference; lastKnownFileType = text.plist.strings; name = en; path = en.lproj/InfoPlist.strings; sourceTree = "<group>"; };
		BB45B44819590C7F0047198A /* main.m */ = {isa = PBXFileReference; lastKnownFileType = sourcecode.c.objc; path = main.m; sourceTree = "<group>"; };
		BB45B44A19590C7F0047198A /* testAFNetworking-Prefix.pch */ = {isa = PBXFileReference; lastKnownFileType = sourcecode.c.h; path = "testAFNetworking-Prefix.pch"; sourceTree = "<group>"; };
		BB45B44B19590C7F0047198A /* AppDelegate.h */ = {isa = PBXFileReference; lastKnownFileType = sourcecode.c.h; path = AppDelegate.h; sourceTree = "<group>"; };
		BB45B44C19590C7F0047198A /* AppDelegate.m */ = {isa = PBXFileReference; lastKnownFileType = sourcecode.c.objc; path = AppDelegate.m; sourceTree = "<group>"; };
		BB45B44F19590C7F0047198A /* Base */ = {isa = PBXFileReference; lastKnownFileType = file.storyboard; name = Base; path = Base.lproj/Main.storyboard; sourceTree = "<group>"; };
		BB45B45119590C7F0047198A /* ViewController.h */ = {isa = PBXFileReference; lastKnownFileType = sourcecode.c.h; path = ViewController.h; sourceTree = "<group>"; };
		BB45B45219590C7F0047198A /* ViewController.m */ = {isa = PBXFileReference; lastKnownFileType = sourcecode.c.objc; path = ViewController.m; sourceTree = "<group>"; };
		BB45B45419590C7F0047198A /* Images.xcassets */ = {isa = PBXFileReference; lastKnownFileType = folder.assetcatalog; path = Images.xcassets; sourceTree = "<group>"; };
		BB45B45A19590C7F0047198A /* testAFNetworkingTests.xctest */ = {isa = PBXFileReference; explicitFileType = wrapper.cfbundle; includeInIndex = 0; path = testAFNetworkingTests.xctest; sourceTree = BUILT_PRODUCTS_DIR; };
		BB45B45B19590C7F0047198A /* XCTest.framework */ = {isa = PBXFileReference; lastKnownFileType = wrapper.framework; name = XCTest.framework; path = Library/Frameworks/XCTest.framework; sourceTree = DEVELOPER_DIR; };
		BB45B46319590C7F0047198A /* testAFNetworkingTests-Info.plist */ = {isa = PBXFileReference; lastKnownFileType = text.plist.xml; path = "testAFNetworkingTests-Info.plist"; sourceTree = "<group>"; };
		BB45B46519590C7F0047198A /* en */ = {isa = PBXFileReference; lastKnownFileType = text.plist.strings; name = en; path = en.lproj/InfoPlist.strings; sourceTree = "<group>"; };
		BB45B46719590C7F0047198A /* testAFNetworkingTests.m */ = {isa = PBXFileReference; lastKnownFileType = sourcecode.c.objc; path = testAFNetworkingTests.m; sourceTree = "<group>"; };
		BB45B49319591BB70047198A /* AFHTTPRequestOperation.h */ = {isa = PBXFileReference; fileEncoding = 4; lastKnownFileType = sourcecode.c.h; path = AFHTTPRequestOperation.h; sourceTree = "<group>"; };
		BB45B49419591BB70047198A /* AFHTTPRequestOperation.m */ = {isa = PBXFileReference; fileEncoding = 4; lastKnownFileType = sourcecode.c.objc; path = AFHTTPRequestOperation.m; sourceTree = "<group>"; };
		BB45B49519591BB70047198A /* AFHTTPRequestOperationManager.h */ = {isa = PBXFileReference; fileEncoding = 4; lastKnownFileType = sourcecode.c.h; path = AFHTTPRequestOperationManager.h; sourceTree = "<group>"; };
		BB45B49619591BB70047198A /* AFHTTPRequestOperationManager.m */ = {isa = PBXFileReference; fileEncoding = 4; lastKnownFileType = sourcecode.c.objc; path = AFHTTPRequestOperationManager.m; sourceTree = "<group>"; };
		BB45B49719591BB70047198A /* AFHTTPSessionManager.h */ = {isa = PBXFileReference; fileEncoding = 4; lastKnownFileType = sourcecode.c.h; path = AFHTTPSessionManager.h; sourceTree = "<group>"; };
		BB45B49819591BB70047198A /* AFHTTPSessionManager.m */ = {isa = PBXFileReference; fileEncoding = 4; lastKnownFileType = sourcecode.c.objc; path = AFHTTPSessionManager.m; sourceTree = "<group>"; };
		BB45B49919591BB70047198A /* AFNetworking.h */ = {isa = PBXFileReference; fileEncoding = 4; lastKnownFileType = sourcecode.c.h; path = AFNetworking.h; sourceTree = "<group>"; };
		BB45B49A19591BB70047198A /* AFNetworkReachabilityManager.h */ = {isa = PBXFileReference; fileEncoding = 4; lastKnownFileType = sourcecode.c.h; path = AFNetworkReachabilityManager.h; sourceTree = "<group>"; };
		BB45B49B19591BB70047198A /* AFNetworkReachabilityManager.m */ = {isa = PBXFileReference; fileEncoding = 4; lastKnownFileType = sourcecode.c.objc; path = AFNetworkReachabilityManager.m; sourceTree = "<group>"; };
		BB45B49C19591BB70047198A /* AFSecurityPolicy.h */ = {isa = PBXFileReference; fileEncoding = 4; lastKnownFileType = sourcecode.c.h; path = AFSecurityPolicy.h; sourceTree = "<group>"; };
		BB45B49D19591BB70047198A /* AFSecurityPolicy.m */ = {isa = PBXFileReference; fileEncoding = 4; lastKnownFileType = sourcecode.c.objc; path = AFSecurityPolicy.m; sourceTree = "<group>"; };
		BB45B49E19591BB70047198A /* AFURLConnectionOperation.h */ = {isa = PBXFileReference; fileEncoding = 4; lastKnownFileType = sourcecode.c.h; path = AFURLConnectionOperation.h; sourceTree = "<group>"; };
		BB45B49F19591BB70047198A /* AFURLConnectionOperation.m */ = {isa = PBXFileReference; fileEncoding = 4; lastKnownFileType = sourcecode.c.objc; path = AFURLConnectionOperation.m; sourceTree = "<group>"; };
		BB45B4A019591BB70047198A /* AFURLRequestSerialization.h */ = {isa = PBXFileReference; fileEncoding = 4; lastKnownFileType = sourcecode.c.h; path = AFURLRequestSerialization.h; sourceTree = "<group>"; };
		BB45B4A119591BB70047198A /* AFURLRequestSerialization.m */ = {isa = PBXFileReference; fileEncoding = 4; lastKnownFileType = sourcecode.c.objc; path = AFURLRequestSerialization.m; sourceTree = "<group>"; };
		BB45B4A219591BB70047198A /* AFURLResponseSerialization.h */ = {isa = PBXFileReference; fileEncoding = 4; lastKnownFileType = sourcecode.c.h; path = AFURLResponseSerialization.h; sourceTree = "<group>"; };
		BB45B4A319591BB70047198A /* AFURLResponseSerialization.m */ = {isa = PBXFileReference; fileEncoding = 4; lastKnownFileType = sourcecode.c.objc; path = AFURLResponseSerialization.m; sourceTree = "<group>"; };
		BB45B4A419591BB70047198A /* AFURLSessionManager.h */ = {isa = PBXFileReference; fileEncoding = 4; lastKnownFileType = sourcecode.c.h; path = AFURLSessionManager.h; sourceTree = "<group>"; };
		BB45B4A519591BB70047198A /* AFURLSessionManager.m */ = {isa = PBXFileReference; fileEncoding = 4; lastKnownFileType = sourcecode.c.objc; path = AFURLSessionManager.m; sourceTree = "<group>"; };
/* End PBXFileReference section */

/* Begin PBXFrameworksBuildPhase section */
		BB45B43619590C7F0047198A /* Frameworks */ = {
			isa = PBXFrameworksBuildPhase;
			buildActionMask = 2147483647;
			files = (
				BB45B43F19590C7F0047198A /* CoreGraphics.framework in Frameworks */,
				BB45B44119590C7F0047198A /* UIKit.framework in Frameworks */,
				BB45B43D19590C7F0047198A /* Foundation.framework in Frameworks */,
			);
			runOnlyForDeploymentPostprocessing = 0;
		};
		BB45B45719590C7F0047198A /* Frameworks */ = {
			isa = PBXFrameworksBuildPhase;
			buildActionMask = 2147483647;
			files = (
				BB45B45C19590C7F0047198A /* XCTest.framework in Frameworks */,
				BB45B45E19590C7F0047198A /* UIKit.framework in Frameworks */,
				BB45B45D19590C7F0047198A /* Foundation.framework in Frameworks */,
			);
			runOnlyForDeploymentPostprocessing = 0;
		};
/* End PBXFrameworksBuildPhase section */

/* Begin PBXGroup section */
		BB45B43019590C7E0047198A = {
			isa = PBXGroup;
			children = (
				BB45B44219590C7F0047198A /* testAFNetworking */,
				BB45B46119590C7F0047198A /* testAFNetworkingTests */,
				BB45B43B19590C7F0047198A /* Frameworks */,
				BB45B43A19590C7F0047198A /* Products */,
			);
			sourceTree = "<group>";
		};
		BB45B43A19590C7F0047198A /* Products */ = {
			isa = PBXGroup;
			children = (
				BB45B43919590C7F0047198A /* testAFNetworking.app */,
				BB45B45A19590C7F0047198A /* testAFNetworkingTests.xctest */,
			);
			name = Products;
			sourceTree = "<group>";
		};
		BB45B43B19590C7F0047198A /* Frameworks */ = {
			isa = PBXGroup;
			children = (
				BB45B43C19590C7F0047198A /* Foundation.framework */,
				BB45B43E19590C7F0047198A /* CoreGraphics.framework */,
				BB45B44019590C7F0047198A /* UIKit.framework */,
				BB45B45B19590C7F0047198A /* XCTest.framework */,
			);
			name = Frameworks;
			sourceTree = "<group>";
		};
		BB45B44219590C7F0047198A /* testAFNetworking */ = {
			isa = PBXGroup;
			children = (
				BB45B49219591BB70047198A /* AFNetworking */,
				BB45B44B19590C7F0047198A /* AppDelegate.h */,
				BB45B44C19590C7F0047198A /* AppDelegate.m */,
				BB45B44E19590C7F0047198A /* Main.storyboard */,
				BB45B45119590C7F0047198A /* ViewController.h */,
				BB45B45219590C7F0047198A /* ViewController.m */,
				BB45B45419590C7F0047198A /* Images.xcassets */,
				BB45B44319590C7F0047198A /* Supporting Files */,
			);
			path = testAFNetworking;
			sourceTree = "<group>";
		};
		BB45B44319590C7F0047198A /* Supporting Files */ = {
			isa = PBXGroup;
			children = (
				BB45B44419590C7F0047198A /* testAFNetworking-Info.plist */,
				BB45B44519590C7F0047198A /* InfoPlist.strings */,
				BB45B44819590C7F0047198A /* main.m */,
				BB45B44A19590C7F0047198A /* testAFNetworking-Prefix.pch */,
			);
			name = "Supporting Files";
			sourceTree = "<group>";
		};
		BB45B46119590C7F0047198A /* testAFNetworkingTests */ = {
			isa = PBXGroup;
			children = (
				BB45B46719590C7F0047198A /* testAFNetworkingTests.m */,
				BB45B46219590C7F0047198A /* Supporting Files */,
			);
			path = testAFNetworkingTests;
			sourceTree = "<group>";
		};
		BB45B46219590C7F0047198A /* Supporting Files */ = {
			isa = PBXGroup;
			children = (
				BB45B46319590C7F0047198A /* testAFNetworkingTests-Info.plist */,
				BB45B46419590C7F0047198A /* InfoPlist.strings */,
			);
			name = "Supporting Files";
			sourceTree = "<group>";
		};
		BB45B49219591BB70047198A /* AFNetworking */ = {
			isa = PBXGroup;
			children = (
				BB45B49319591BB70047198A /* AFHTTPRequestOperation.h */,
				BB45B49419591BB70047198A /* AFHTTPRequestOperation.m */,
				BB45B49519591BB70047198A /* AFHTTPRequestOperationManager.h */,
				BB45B49619591BB70047198A /* AFHTTPRequestOperationManager.m */,
				BB45B49719591BB70047198A /* AFHTTPSessionManager.h */,
				BB45B49819591BB70047198A /* AFHTTPSessionManager.m */,
				BB45B49919591BB70047198A /* AFNetworking.h */,
				BB45B49A19591BB70047198A /* AFNetworkReachabilityManager.h */,
				BB45B49B19591BB70047198A /* AFNetworkReachabilityManager.m */,
				BB45B49C19591BB70047198A /* AFSecurityPolicy.h */,
				BB45B49D19591BB70047198A /* AFSecurityPolicy.m */,
				BB45B49E19591BB70047198A /* AFURLConnectionOperation.h */,
				BB45B49F19591BB70047198A /* AFURLConnectionOperation.m */,
				BB45B4A019591BB70047198A /* AFURLRequestSerialization.h */,
				BB45B4A119591BB70047198A /* AFURLRequestSerialization.m */,
				BB45B4A219591BB70047198A /* AFURLResponseSerialization.h */,
				BB45B4A319591BB70047198A /* AFURLResponseSerialization.m */,
				BB45B4A419591BB70047198A /* AFURLSessionManager.h */,
				BB45B4A519591BB70047198A /* AFURLSessionManager.m */,
			);
			path = AFNetworking;
			sourceTree = "<group>";
		};
/* End PBXGroup section */

/* Begin PBXNativeTarget section */
		BB45B43819590C7F0047198A /* testAFNetworking */ = {
			isa = PBXNativeTarget;
			buildConfigurationList = BB45B46B19590C7F0047198A /* Build configuration list for PBXNativeTarget "testAFNetworking" */;
			buildPhases = (
				BB45B43519590C7F0047198A /* Sources */,
				BB45B43619590C7F0047198A /* Frameworks */,
				BB45B43719590C7F0047198A /* Resources */,
			);
			buildRules = (
			);
			dependencies = (
			);
			name = testAFNetworking;
			productName = testAFNetworking;
			productReference = BB45B43919590C7F0047198A /* testAFNetworking.app */;
			productType = "com.apple.product-type.application";
		};
		BB45B45919590C7F0047198A /* testAFNetworkingTests */ = {
			isa = PBXNativeTarget;
			buildConfigurationList = BB45B46E19590C7F0047198A /* Build configuration list for PBXNativeTarget "testAFNetworkingTests" */;
			buildPhases = (
				BB45B45619590C7F0047198A /* Sources */,
				BB45B45719590C7F0047198A /* Frameworks */,
				BB45B45819590C7F0047198A /* Resources */,
			);
			buildRules = (
			);
			dependencies = (
				BB45B46019590C7F0047198A /* PBXTargetDependency */,
			);
			name = testAFNetworkingTests;
			productName = testAFNetworkingTests;
			productReference = BB45B45A19590C7F0047198A /* testAFNetworkingTests.xctest */;
			productType = "com.apple.product-type.bundle.unit-test";
		};
/* End PBXNativeTarget section */

/* Begin PBXProject section */
		BB45B43119590C7E0047198A /* Project object */ = {
			isa = PBXProject;
			attributes = {
				LastUpgradeCheck = 0510;
				ORGANIZATIONNAME = "oTHE Technology Inc.";
				TargetAttributes = {
					BB45B45919590C7F0047198A = {
						TestTargetID = BB45B43819590C7F0047198A;
					};
				};
			};
			buildConfigurationList = BB45B43419590C7E0047198A /* Build configuration list for PBXProject "testAFNetworking" */;
			compatibilityVersion = "Xcode 3.2";
			developmentRegion = English;
			hasScannedForEncodings = 0;
			knownRegions = (
				en,
				Base,
			);
			mainGroup = BB45B43019590C7E0047198A;
			productRefGroup = BB45B43A19590C7F0047198A /* Products */;
			projectDirPath = "";
			projectRoot = "";
			targets = (
				BB45B43819590C7F0047198A /* testAFNetworking */,
				BB45B45919590C7F0047198A /* testAFNetworkingTests */,
			);
		};
/* End PBXProject section */

/* Begin PBXResourcesBuildPhase section */
		BB45B43719590C7F0047198A /* Resources */ = {
			isa = PBXResourcesBuildPhase;
			buildActionMask = 2147483647;
			files = (
				BB45B45519590C7F0047198A /* Images.xcassets in Resources */,
				BB45B44719590C7F0047198A /* InfoPlist.strings in Resources */,
				BB45B45019590C7F0047198A /* Main.storyboard in Resources */,
			);
			runOnlyForDeploymentPostprocessing = 0;
		};
		BB45B45819590C7F0047198A /* Resources */ = {
			isa = PBXResourcesBuildPhase;
			buildActionMask = 2147483647;
			files = (
				BB45B46619590C7F0047198A /* InfoPlist.strings in Resources */,
			);
			runOnlyForDeploymentPostprocessing = 0;
		};
/* End PBXResourcesBuildPhase section */

/* Begin PBXSourcesBuildPhase section */
		BB45B43519590C7F0047198A /* Sources */ = {
			isa = PBXSourcesBuildPhase;
			buildActionMask = 2147483647;
			files = (
				BB45B4A619591BB70047198A /* AFHTTPRequestOperation.m in Sources */,
				BB45B45319590C7F0047198A /* ViewController.m in Sources */,
				BB45B4A719591BB70047198A /* AFHTTPRequestOperationManager.m in Sources */,
				BB45B4A919591BB70047198A /* AFNetworkReachabilityManager.m in Sources */,
				BB45B4AD19591BB70047198A /* AFURLResponseSerialization.m in Sources */,
				BB45B4AB19591BB70047198A /* AFURLConnectionOperation.m in Sources */,
				BB45B4AA19591BB70047198A /* AFSecurityPolicy.m in Sources */,
				BB45B4A819591BB70047198A /* AFHTTPSessionManager.m in Sources */,
				BB45B4AC19591BB70047198A /* AFURLRequestSerialization.m in Sources */,
				BB45B4AE19591BB70047198A /* AFURLSessionManager.m in Sources */,
				BB45B44D19590C7F0047198A /* AppDelegate.m in Sources */,
				BB45B44919590C7F0047198A /* main.m in Sources */,
			);
			runOnlyForDeploymentPostprocessing = 0;
		};
		BB45B45619590C7F0047198A /* Sources */ = {
			isa = PBXSourcesBuildPhase;
			buildActionMask = 2147483647;
			files = (
				BB45B46819590C7F0047198A /* testAFNetworkingTests.m in Sources */,
			);
			runOnlyForDeploymentPostprocessing = 0;
		};
/* End PBXSourcesBuildPhase section */

/* Begin PBXTargetDependency section */
		BB45B46019590C7F0047198A /* PBXTargetDependency */ = {
			isa = PBXTargetDependency;
			target = BB45B43819590C7F0047198A /* testAFNetworking */;
			targetProxy = BB45B45F19590C7F0047198A /* PBXContainerItemProxy */;
		};
/* End PBXTargetDependency section */

/* Begin PBXVariantGroup section */
		BB45B44519590C7F0047198A /* InfoPlist.strings */ = {
			isa = PBXVariantGroup;
			children = (
				BB45B44619590C7F0047198A /* en */,
			);
			name = InfoPlist.strings;
			sourceTree = "<group>";
		};
		BB45B44E19590C7F0047198A /* Main.storyboard */ = {
			isa = PBXVariantGroup;
			children = (
				BB45B44F19590C7F0047198A /* Base */,
			);
			name = Main.storyboard;
			sourceTree = "<group>";
		};
		BB45B46419590C7F0047198A /* InfoPlist.strings */ = {
			isa = PBXVariantGroup;
			children = (
				BB45B46519590C7F0047198A /* en */,
			);
			name = InfoPlist.strings;
			sourceTree = "<group>";
		};
/* End PBXVariantGroup section */

/* Begin XCBuildConfiguration section */
		BB45B46919590C7F0047198A /* Debug */ = {
			isa = XCBuildConfiguration;
			buildSettings = {
				ALWAYS_SEARCH_USER_PATHS = NO;
				CLANG_CXX_LANGUAGE_STANDARD = "gnu++0x";
				CLANG_CXX_LIBRARY = "libc++";
				CLANG_ENABLE_MODULES = YES;
				CLANG_ENABLE_OBJC_ARC = YES;
				CLANG_WARN_BOOL_CONVERSION = YES;
				CLANG_WARN_CONSTANT_CONVERSION = YES;
				CLANG_WARN_DIRECT_OBJC_ISA_USAGE = YES_ERROR;
				CLANG_WARN_EMPTY_BODY = YES;
				CLANG_WARN_ENUM_CONVERSION = YES;
				CLANG_WARN_INT_CONVERSION = YES;
				CLANG_WARN_OBJC_ROOT_CLASS = YES_ERROR;
				CLANG_WARN__DUPLICATE_METHOD_MATCH = YES;
				"CODE_SIGN_IDENTITY[sdk=iphoneos*]" = "iPhone Developer";
				COPY_PHASE_STRIP = NO;
				GCC_C_LANGUAGE_STANDARD = gnu99;
				GCC_DYNAMIC_NO_PIC = NO;
				GCC_OPTIMIZATION_LEVEL = 0;
				GCC_PREPROCESSOR_DEFINITIONS = (
					"DEBUG=1",
					"$(inherited)",
				);
				GCC_SYMBOLS_PRIVATE_EXTERN = NO;
				GCC_WARN_64_TO_32_BIT_CONVERSION = YES;
				GCC_WARN_ABOUT_RETURN_TYPE = YES_ERROR;
				GCC_WARN_UNDECLARED_SELECTOR = YES;
				GCC_WARN_UNINITIALIZED_AUTOS = YES_AGGRESSIVE;
				GCC_WARN_UNUSED_FUNCTION = YES;
				GCC_WARN_UNUSED_VARIABLE = YES;
				IPHONEOS_DEPLOYMENT_TARGET = 7.1;
				ONLY_ACTIVE_ARCH = YES;
				SDKROOT = iphoneos;
			};
			name = Debug;
		};
		BB45B46A19590C7F0047198A /* Release */ = {
			isa = XCBuildConfiguration;
			buildSettings = {
				ALWAYS_SEARCH_USER_PATHS = NO;
				CLANG_CXX_LANGUAGE_STANDARD = "gnu++0x";
				CLANG_CXX_LIBRARY = "libc++";
				CLANG_ENABLE_MODULES = YES;
				CLANG_ENABLE_OBJC_ARC = YES;
				CLANG_WARN_BOOL_CONVERSION = YES;
				CLANG_WARN_CONSTANT_CONVERSION = YES;
				CLANG_WARN_DIRECT_OBJC_ISA_USAGE = YES_ERROR;
				CLANG_WARN_EMPTY_BODY = YES;
				CLANG_WARN_ENUM_CONVERSION = YES;
				CLANG_WARN_INT_CONVERSION = YES;
				CLANG_WARN_OBJC_ROOT_CLASS = YES_ERROR;
				CLANG_WARN__DUPLICATE_METHOD_MATCH = YES;
				"CODE_SIGN_IDENTITY[sdk=iphoneos*]" = "iPhone Developer";
				COPY_PHASE_STRIP = YES;
				ENABLE_NS_ASSERTIONS = NO;
				GCC_C_LANGUAGE_STANDARD = gnu99;
				GCC_WARN_64_TO_32_BIT_CONVERSION = YES;
				GCC_WARN_ABOUT_RETURN_TYPE = YES_ERROR;
				GCC_WARN_UNDECLARED_SELECTOR = YES;
				GCC_WARN_UNINITIALIZED_AUTOS = YES_AGGRESSIVE;
				GCC_WARN_UNUSED_FUNCTION = YES;
				GCC_WARN_UNUSED_VARIABLE = YES;
				IPHONEOS_DEPLOYMENT_TARGET = 7.1;
				SDKROOT = iphoneos;
				VALIDATE_PRODUCT = YES;
			};
			name = Release;
		};
		BB45B46C19590C7F0047198A /* Debug */ = {
			isa = XCBuildConfiguration;
			buildSettings = {
				ASSETCATALOG_COMPILER_APPICON_NAME = AppIcon;
				ASSETCATALOG_COMPILER_LAUNCHIMAGE_NAME = LaunchImage;
				GCC_PRECOMPILE_PREFIX_HEADER = YES;
				GCC_PREFIX_HEADER = "testAFNetworking/testAFNetworking-Prefix.pch";
				INFOPLIST_FILE = "testAFNetworking/testAFNetworking-Info.plist";
				PRODUCT_NAME = "$(TARGET_NAME)";
				WRAPPER_EXTENSION = app;
			};
			name = Debug;
		};
		BB45B46D19590C7F0047198A /* Release */ = {
			isa = XCBuildConfiguration;
			buildSettings = {
				ASSETCATALOG_COMPILER_APPICON_NAME = AppIcon;
				ASSETCATALOG_COMPILER_LAUNCHIMAGE_NAME = LaunchImage;
				GCC_PRECOMPILE_PREFIX_HEADER = YES;
				GCC_PREFIX_HEADER = "testAFNetworking/testAFNetworking-Prefix.pch";
				INFOPLIST_FILE = "testAFNetworking/testAFNetworking-Info.plist";
				PRODUCT_NAME = "$(TARGET_NAME)";
				WRAPPER_EXTENSION = app;
			};
			name = Release;
		};
		BB45B46F19590C7F0047198A /* Debug */ = {
			isa = XCBuildConfiguration;
			buildSettings = {
				BUNDLE_LOADER = "$(BUILT_PRODUCTS_DIR)/testAFNetworking.app/testAFNetworking";
				FRAMEWORK_SEARCH_PATHS = (
					"$(SDKROOT)/Developer/Library/Frameworks",
					"$(inherited)",
					"$(DEVELOPER_FRAMEWORKS_DIR)",
				);
				GCC_PRECOMPILE_PREFIX_HEADER = YES;
				GCC_PREFIX_HEADER = "testAFNetworking/testAFNetworking-Prefix.pch";
				GCC_PREPROCESSOR_DEFINITIONS = (
					"DEBUG=1",
					"$(inherited)",
				);
				INFOPLIST_FILE = "testAFNetworkingTests/testAFNetworkingTests-Info.plist";
				PRODUCT_NAME = "$(TARGET_NAME)";
				TEST_HOST = "$(BUNDLE_LOADER)";
				WRAPPER_EXTENSION = xctest;
			};
			name = Debug;
		};
		BB45B47019590C7F0047198A /* Release */ = {
			isa = XCBuildConfiguration;
			buildSettings = {
				BUNDLE_LOADER = "$(BUILT_PRODUCTS_DIR)/testAFNetworking.app/testAFNetworking";
				FRAMEWORK_SEARCH_PATHS = (
					"$(SDKROOT)/Developer/Library/Frameworks",
					"$(inherited)",
					"$(DEVELOPER_FRAMEWORKS_DIR)",
				);
				GCC_PRECOMPILE_PREFIX_HEADER = YES;
				GCC_PREFIX_HEADER = "testAFNetworking/testAFNetworking-Prefix.pch";
				INFOPLIST_FILE = "testAFNetworkingTests/testAFNetworkingTests-Info.plist";
				PRODUCT_NAME = "$(TARGET_NAME)";
				TEST_HOST = "$(BUNDLE_LOADER)";
				WRAPPER_EXTENSION = xctest;
			};
			name = Release;
		};
/* End XCBuildConfiguration section */

/* Begin XCConfigurationList section */
		BB45B43419590C7E0047198A /* Build configuration list for PBXProject "testAFNetworking" */ = {
			isa = XCConfigurationList;
			buildConfigurations = (
				BB45B46919590C7F0047198A /* Debug */,
				BB45B46A19590C7F0047198A /* Release */,
			);
			defaultConfigurationIsVisible = 0;
			defaultConfigurationName = Release;
		};
		BB45B46B19590C7F0047198A /* Build configuration list for PBXNativeTarget "testAFNetworking" */ = {
			isa = XCConfigurationList;
			buildConfigurations = (
				BB45B46C19590C7F0047198A /* Debug */,
				BB45B46D19590C7F0047198A /* Release */,
			);
			defaultConfigurationIsVisible = 0;
		};
		BB45B46E19590C7F0047198A /* Build configuration list for PBXNativeTarget "testAFNetworkingTests" */ = {
			isa = XCConfigurationList;
			buildConfigurations = (
				BB45B46F19590C7F0047198A /* Debug */,
				BB45B47019590C7F0047198A /* Release */,
			);
			defaultConfigurationIsVisible = 0;
		};
/* End XCConfigurationList section */
	};
	rootObject = BB45B43119590C7E0047198A /* Project object */;
}
